
Microsoft Visual Studio Solution File, Format Version 12.00
# Visual Studio Version 17
VisualStudioVersion = 17.11.35222.181
MinimumVisualStudioVersion = 10.0.40219.1
Project("{6EC3EE1D-3C4E-46DD-8F32-0CC8E7565705}") = "build", "build.fsproj", "{A7154866-6EB3-41CC-B3ED-F20DFFF049F6}"
EndProject
Global
	GlobalSection(SolutionConfigurationPlatforms) = preSolution
		Debug|Any CPU = Debug|Any CPU
		Release|Any CPU = Release|Any CPU
	EndGlobalSection
	GlobalSection(ProjectConfigurationPlatforms) = postSolution
		{A7154866-6EB3-41CC-B3ED-F20DFFF049F6}.Debug|Any CPU.ActiveCfg = Debug|Any CPU
		{A7154866-6EB3-41CC-B3ED-F20DFFF049F6}.Debug|Any CPU.Build.0 = Debug|Any CPU
		{A7154866-6EB3-41CC-B3ED-F20DFFF049F6}.Release|Any CPU.ActiveCfg = Release|Any CPU
		{A7154866-6EB3-41CC-B3ED-F20DFFF049F6}.Release|Any CPU.Build.0 = Release|Any CPU
	EndGlobalSection
	GlobalSection(SolutionProperties) = preSolution
		HideSolutionNode = FALSE
	EndGlobalSection
	GlobalSection(ExtensibilityGlobals) = postSolution
		SolutionGuid = {1D40542F-8488-420B-9191-7690F73FB5EE}
	EndGlobalSection
EndGlobal
